// !$*UTF8*$!
{
	archiveVersion = 1;
	classes = {
	};
	objectVersion = 46;
	objects = {

/* Begin PBXBuildFile section */
		3AE0274F1E78388700EAB8A4 /* NSObject+Log.m in Sources */ = {isa = PBXBuildFile; fileRef = 3AE0274E1E78388700EAB8A4 /* NSObject+Log.m */; };
		3AE750EB1E779DB300DC6441 /* main.m in Sources */ = {isa = PBXBuildFile; fileRef = 3AE750EA1E779DB300DC6441 /* main.m */; };
		3AE750EE1E779DB300DC6441 /* AppDelegate.m in Sources */ = {isa = PBXBuildFile; fileRef = 3AE750ED1E779DB300DC6441 /* AppDelegate.m */; };
		3AE750F11E779DB300DC6441 /* ViewController.m in Sources */ = {isa = PBXBuildFile; fileRef = 3AE750F01E779DB300DC6441 /* ViewController.m */; };
		3AE750F41E779DB300DC6441 /* Main.storyboard in Resources */ = {isa = PBXBuildFile; fileRef = 3AE750F21E779DB300DC6441 /* Main.storyboard */; };
		3AE750F61E779DB300DC6441 /* Assets.xcassets in Resources */ = {isa = PBXBuildFile; fileRef = 3AE750F51E779DB300DC6441 /* Assets.xcassets */; };
		3AE750F91E779DB300DC6441 /* LaunchScreen.storyboard in Resources */ = {isa = PBXBuildFile; fileRef = 3AE750F71E779DB300DC6441 /* LaunchScreen.storyboard */; };
		3AE751041E779DB300DC6441 /* netEasyNewsTests.m in Sources */ = {isa = PBXBuildFile; fileRef = 3AE751031E779DB300DC6441 /* netEasyNewsTests.m */; };
		3AE7510F1E779DB300DC6441 /* netEasyNewsUITests.m in Sources */ = {isa = PBXBuildFile; fileRef = 3AE7510E1E779DB300DC6441 /* netEasyNewsUITests.m */; };
		3AE7511F1E77DC9C00DC6441 /* HeadLines.m in Sources */ = {isa = PBXBuildFile; fileRef = 3AE7511E1E77DC9C00DC6441 /* HeadLines.m */; };
		3AE751261E77DDB300DC6441 /* ZJNetworkTool.m in Sources */ = {isa = PBXBuildFile; fileRef = 3AE751251E77DDB300DC6441 /* ZJNetworkTool.m */; };
		62E6B6E630D0BFC8954FC62F /* libPods-netEasyNews.a in Frameworks */ = {isa = PBXBuildFile; fileRef = C0159E6B4A0AC24B0731935A /* libPods-netEasyNews.a */; };
		74FC8FBF7526183367232B72 /* libPods-netEasyNewsUITests.a in Frameworks */ = {isa = PBXBuildFile; fileRef = 2215CD5F2A74C80AD99D5C2B /* libPods-netEasyNewsUITests.a */; };
		A03CB7BF297F2E6998BF066E /* libPods-netEasyNewsTests.a in Frameworks */ = {isa = PBXBuildFile; fileRef = 4DCD3F0BD4980364234652CF /* libPods-netEasyNewsTests.a */; };
/* End PBXBuildFile section */

/* Begin PBXContainerItemProxy section */
		3AE751001E779DB300DC6441 /* PBXContainerItemProxy */ = {
			isa = PBXContainerItemProxy;
			containerPortal = 3AE750DE1E779DB300DC6441 /* Project object */;
			proxyType = 1;
			remoteGlobalIDString = 3AE750E51E779DB300DC6441;
			remoteInfo = netEasyNews;
		};
		3AE7510B1E779DB300DC6441 /* PBXContainerItemProxy */ = {
			isa = PBXContainerItemProxy;
			containerPortal = 3AE750DE1E779DB300DC6441 /* Project object */;
			proxyType = 1;
			remoteGlobalIDString = 3AE750E51E779DB300DC6441;
			remoteInfo = netEasyNews;
		};
/* End PBXContainerItemProxy section */

/* Begin PBXFileReference section */
		2215CD5F2A74C80AD99D5C2B /* libPods-netEasyNewsUITests.a */ = {isa = PBXFileReference; explicitFileType = archive.ar; includeInIndex = 0; path = "libPods-netEasyNewsUITests.a"; sourceTree = BUILT_PRODUCTS_DIR; };
		23AAE8043AA859D8482FF012 /* Pods-netEasyNewsTests.release.xcconfig */ = {isa = PBXFileReference; includeInIndex = 1; lastKnownFileType = text.xcconfig; name = "Pods-netEasyNewsTests.release.xcconfig"; path = "Pods/Target Support Files/Pods-netEasyNewsTests/Pods-netEasyNewsTests.release.xcconfig"; sourceTree = "<group>"; };
		3AE0274D1E78388700EAB8A4 /* NSObject+Log.h */ = {isa = PBXFileReference; fileEncoding = 4; lastKnownFileType = sourcecode.c.h; path = "NSObject+Log.h"; sourceTree = "<group>"; };
		3AE0274E1E78388700EAB8A4 /* NSObject+Log.m */ = {isa = PBXFileReference; fileEncoding = 4; lastKnownFileType = sourcecode.c.objc; path = "NSObject+Log.m"; sourceTree = "<group>"; };
		3AE750E61E779DB300DC6441 /* netEasyNews.app */ = {isa = PBXFileReference; explicitFileType = wrapper.application; includeInIndex = 0; path = netEasyNews.app; sourceTree = BUILT_PRODUCTS_DIR; };
		3AE750EA1E779DB300DC6441 /* main.m */ = {isa = PBXFileReference; lastKnownFileType = sourcecode.c.objc; path = main.m; sourceTree = "<group>"; };
		3AE750EC1E779DB300DC6441 /* AppDelegate.h */ = {isa = PBXFileReference; lastKnownFileType = sourcecode.c.h; path = AppDelegate.h; sourceTree = "<group>"; };
		3AE750ED1E779DB300DC6441 /* AppDelegate.m */ = {isa = PBXFileReference; lastKnownFileType = sourcecode.c.objc; path = AppDelegate.m; sourceTree = "<group>"; };
		3AE750EF1E779DB300DC6441 /* ViewController.h */ = {isa = PBXFileReference; lastKnownFileType = sourcecode.c.h; path = ViewController.h; sourceTree = "<group>"; };
		3AE750F01E779DB300DC6441 /* ViewController.m */ = {isa = PBXFileReference; lastKnownFileType = sourcecode.c.objc; path = ViewController.m; sourceTree = "<group>"; };
		3AE750F31E779DB300DC6441 /* Base */ = {isa = PBXFileReference; lastKnownFileType = file.storyboard; name = Base; path = Base.lproj/Main.storyboard; sourceTree = "<group>"; };
		3AE750F51E779DB300DC6441 /* Assets.xcassets */ = {isa = PBXFileReference; lastKnownFileType = folder.assetcatalog; path = Assets.xcassets; sourceTree = "<group>"; };
		3AE750F81E779DB300DC6441 /* Base */ = {isa = PBXFileReference; lastKnownFileType = file.storyboard; name = Base; path = Base.lproj/LaunchScreen.storyboard; sourceTree = "<group>"; };
		3AE750FA1E779DB300DC6441 /* Info.plist */ = {isa = PBXFileReference; lastKnownFileType = text.plist.xml; path = Info.plist; sourceTree = "<group>"; };
		3AE750FF1E779DB300DC6441 /* netEasyNewsTests.xctest */ = {isa = PBXFileReference; explicitFileType = wrapper.cfbundle; includeInIndex = 0; path = netEasyNewsTests.xctest; sourceTree = BUILT_PRODUCTS_DIR; };
		3AE751031E779DB300DC6441 /* netEasyNewsTests.m */ = {isa = PBXFileReference; lastKnownFileType = sourcecode.c.objc; path = netEasyNewsTests.m; sourceTree = "<group>"; };
		3AE751051E779DB300DC6441 /* Info.plist */ = {isa = PBXFileReference; lastKnownFileType = text.plist.xml; path = Info.plist; sourceTree = "<group>"; };
		3AE7510A1E779DB300DC6441 /* netEasyNewsUITests.xctest */ = {isa = PBXFileReference; explicitFileType = wrapper.cfbundle; includeInIndex = 0; path = netEasyNewsUITests.xctest; sourceTree = BUILT_PRODUCTS_DIR; };
		3AE7510E1E779DB300DC6441 /* netEasyNewsUITests.m */ = {isa = PBXFileReference; lastKnownFileType = sourcecode.c.objc; path = netEasyNewsUITests.m; sourceTree = "<group>"; };
		3AE751101E779DB300DC6441 /* Info.plist */ = {isa = PBXFileReference; lastKnownFileType = text.plist.xml; path = Info.plist; sourceTree = "<group>"; };
		3AE7511D1E77DC9C00DC6441 /* HeadLines.h */ = {isa = PBXFileReference; fileEncoding = 4; lastKnownFileType = sourcecode.c.h; path = HeadLines.h; sourceTree = "<group>"; };
		3AE7511E1E77DC9C00DC6441 /* HeadLines.m */ = {isa = PBXFileReference; fileEncoding = 4; lastKnownFileType = sourcecode.c.objc; path = HeadLines.m; sourceTree = "<group>"; };
		3AE751241E77DDB300DC6441 /* ZJNetworkTool.h */ = {isa = PBXFileReference; fileEncoding = 4; lastKnownFileType = sourcecode.c.h; path = ZJNetworkTool.h; sourceTree = "<group>"; };
		3AE751251E77DDB300DC6441 /* ZJNetworkTool.m */ = {isa = PBXFileReference; fileEncoding = 4; lastKnownFileType = sourcecode.c.objc; path = ZJNetworkTool.m; sourceTree = "<group>"; };
		4DCD3F0BD4980364234652CF /* libPods-netEasyNewsTests.a */ = {isa = PBXFileReference; explicitFileType = archive.ar; includeInIndex = 0; path = "libPods-netEasyNewsTests.a"; sourceTree = BUILT_PRODUCTS_DIR; };
		5A26F8560176B235E9AFAFBE /* Pods-netEasyNews.release.xcconfig */ = {isa = PBXFileReference; includeInIndex = 1; lastKnownFileType = text.xcconfig; name = "Pods-netEasyNews.release.xcconfig"; path = "Pods/Target Support Files/Pods-netEasyNews/Pods-netEasyNews.release.xcconfig"; sourceTree = "<group>"; };
		A0693F2E9E9D553C320B276F /* Pods-netEasyNewsUITests.release.xcconfig */ = {isa = PBXFileReference; includeInIndex = 1; lastKnownFileType = text.xcconfig; name = "Pods-netEasyNewsUITests.release.xcconfig"; path = "Pods/Target Support Files/Pods-netEasyNewsUITests/Pods-netEasyNewsUITests.release.xcconfig"; sourceTree = "<group>"; };
		B32F1A339B6C48EAC9339AD3 /* Pods-netEasyNewsTests.debug.xcconfig */ = {isa = PBXFileReference; includeInIndex = 1; lastKnownFileType = text.xcconfig; name = "Pods-netEasyNewsTests.debug.xcconfig"; path = "Pods/Target Support Files/Pods-netEasyNewsTests/Pods-netEasyNewsTests.debug.xcconfig"; sourceTree = "<group>"; };
		C0159E6B4A0AC24B0731935A /* libPods-netEasyNews.a */ = {isa = PBXFileReference; explicitFileType = archive.ar; includeInIndex = 0; path = "libPods-netEasyNews.a"; sourceTree = BUILT_PRODUCTS_DIR; };
		CFE14B432EBDEE8E68E75C70 /* Pods-netEasyNewsUITests.debug.xcconfig */ = {isa = PBXFileReference; includeInIndex = 1; lastKnownFileType = text.xcconfig; name = "Pods-netEasyNewsUITests.debug.xcconfig"; path = "Pods/Target Support Files/Pods-netEasyNewsUITests/Pods-netEasyNewsUITests.debug.xcconfig"; sourceTree = "<group>"; };
		FCA31A95513C1C9CDB5AD9B6 /* Pods-netEasyNews.debug.xcconfig */ = {isa = PBXFileReference; includeInIndex = 1; lastKnownFileType = text.xcconfig; name = "Pods-netEasyNews.debug.xcconfig"; path = "Pods/Target Support Files/Pods-netEasyNews/Pods-netEasyNews.debug.xcconfig"; sourceTree = "<group>"; };
/* End PBXFileReference section */

/* Begin PBXFrameworksBuildPhase section */
		3AE750E31E779DB300DC6441 /* Frameworks */ = {
			isa = PBXFrameworksBuildPhase;
			buildActionMask = 2147483647;
			files = (
				62E6B6E630D0BFC8954FC62F /* libPods-netEasyNews.a in Frameworks */,
			);
			runOnlyForDeploymentPostprocessing = 0;
		};
		3AE750FC1E779DB300DC6441 /* Frameworks */ = {
			isa = PBXFrameworksBuildPhase;
			buildActionMask = 2147483647;
			files = (
				A03CB7BF297F2E6998BF066E /* libPods-netEasyNewsTests.a in Frameworks */,
			);
			runOnlyForDeploymentPostprocessing = 0;
		};
		3AE751071E779DB300DC6441 /* Frameworks */ = {
			isa = PBXFrameworksBuildPhase;
			buildActionMask = 2147483647;
			files = (
				74FC8FBF7526183367232B72 /* libPods-netEasyNewsUITests.a in Frameworks */,
			);
			runOnlyForDeploymentPostprocessing = 0;
		};
/* End PBXFrameworksBuildPhase section */

/* Begin PBXGroup section */
		3AE0274C1E78388700EAB8A4 /* Log */ = {
			isa = PBXGroup;
			children = (
				3AE0274D1E78388700EAB8A4 /* NSObject+Log.h */,
				3AE0274E1E78388700EAB8A4 /* NSObject+Log.m */,
			);
			path = Log;
			sourceTree = "<group>";
		};
		3AE750DD1E779DB300DC6441 = {
			isa = PBXGroup;
			children = (
				3AE750E81E779DB300DC6441 /* netEasyNews */,
				3AE751021E779DB300DC6441 /* netEasyNewsTests */,
				3AE7510D1E779DB300DC6441 /* netEasyNewsUITests */,
				3AE750E71E779DB300DC6441 /* Products */,
				ACA064F32C4A92DF6DCDE78B /* Pods */,
				9DFAD66ADC325DA1CA627FAC /* Frameworks */,
			);
			sourceTree = "<group>";
		};
		3AE750E71E779DB300DC6441 /* Products */ = {
			isa = PBXGroup;
			children = (
				3AE750E61E779DB300DC6441 /* netEasyNews.app */,
				3AE750FF1E779DB300DC6441 /* netEasyNewsTests.xctest */,
				3AE7510A1E779DB300DC6441 /* netEasyNewsUITests.xctest */,
			);
			name = Products;
			sourceTree = "<group>";
		};
		3AE750E81E779DB300DC6441 /* netEasyNews */ = {
			isa = PBXGroup;
			children = (
				3AE750EC1E779DB300DC6441 /* AppDelegate.h */,
				3AE750ED1E779DB300DC6441 /* AppDelegate.m */,
				3AE750EF1E779DB300DC6441 /* ViewController.h */,
				3AE750F01E779DB300DC6441 /* ViewController.m */,
				3AE750F21E779DB300DC6441 /* Main.storyboard */,
				3AE750F51E779DB300DC6441 /* Assets.xcassets */,
				3AE750F71E779DB300DC6441 /* LaunchScreen.storyboard */,
				3AE750FA1E779DB300DC6441 /* Info.plist */,
				3AE0274C1E78388700EAB8A4 /* Log */,
				3AE751201E77DD8D00DC6441 /* Tool */,
				3AE7511C1E77DC8B00DC6441 /* HeadLine */,
				3AE750E91E779DB300DC6441 /* Supporting Files */,
			);
			path = netEasyNews;
			sourceTree = "<group>";
		};
		3AE750E91E779DB300DC6441 /* Supporting Files */ = {
			isa = PBXGroup;
			children = (
				3AE750EA1E779DB300DC6441 /* main.m */,
			);
			name = "Supporting Files";
			sourceTree = "<group>";
		};
		3AE751021E779DB300DC6441 /* netEasyNewsTests */ = {
			isa = PBXGroup;
			children = (
				3AE751031E779DB300DC6441 /* netEasyNewsTests.m */,
				3AE751051E779DB300DC6441 /* Info.plist */,
			);
			path = netEasyNewsTests;
			sourceTree = "<group>";
		};
		3AE7510D1E779DB300DC6441 /* netEasyNewsUITests */ = {
			isa = PBXGroup;
			children = (
				3AE7510E1E779DB300DC6441 /* netEasyNewsUITests.m */,
				3AE751101E779DB300DC6441 /* Info.plist */,
			);
			path = netEasyNewsUITests;
			sourceTree = "<group>";
		};
		3AE7511C1E77DC8B00DC6441 /* HeadLine */ = {
			isa = PBXGroup;
			children = (
				3AE7511D1E77DC9C00DC6441 /* HeadLines.h */,
				3AE7511E1E77DC9C00DC6441 /* HeadLines.m */,
			);
			path = HeadLine;
			sourceTree = "<group>";
		};
		3AE751201E77DD8D00DC6441 /* Tool */ = {
			isa = PBXGroup;
			children = (
				3AE751241E77DDB300DC6441 /* ZJNetworkTool.h */,
				3AE751251E77DDB300DC6441 /* ZJNetworkTool.m */,
			);
			path = Tool;
			sourceTree = "<group>";
		};
		9DFAD66ADC325DA1CA627FAC /* Frameworks */ = {
			isa = PBXGroup;
			children = (
				C0159E6B4A0AC24B0731935A /* libPods-netEasyNews.a */,
				4DCD3F0BD4980364234652CF /* libPods-netEasyNewsTests.a */,
				2215CD5F2A74C80AD99D5C2B /* libPods-netEasyNewsUITests.a */,
			);
			name = Frameworks;
			sourceTree = "<group>";
		};
		ACA064F32C4A92DF6DCDE78B /* Pods */ = {
			isa = PBXGroup;
			children = (
				FCA31A95513C1C9CDB5AD9B6 /* Pods-netEasyNews.debug.xcconfig */,
				5A26F8560176B235E9AFAFBE /* Pods-netEasyNews.release.xcconfig */,
				B32F1A339B6C48EAC9339AD3 /* Pods-netEasyNewsTests.debug.xcconfig */,
				23AAE8043AA859D8482FF012 /* Pods-netEasyNewsTests.release.xcconfig */,
				CFE14B432EBDEE8E68E75C70 /* Pods-netEasyNewsUITests.debug.xcconfig */,
				A0693F2E9E9D553C320B276F /* Pods-netEasyNewsUITests.release.xcconfig */,
			);
			name = Pods;
			sourceTree = "<group>";
		};
/* End PBXGroup section */

/* Begin PBXNativeTarget section */
		3AE750E51E779DB300DC6441 /* netEasyNews */ = {
			isa = PBXNativeTarget;
			buildConfigurationList = 3AE751131E779DB300DC6441 /* Build configuration list for PBXNativeTarget "netEasyNews" */;
			buildPhases = (
				145CF76FB77DFAFAB2980410 /* [CP] Check Pods Manifest.lock */,
				3AE750E21E779DB300DC6441 /* Sources */,
				3AE750E31E779DB300DC6441 /* Frameworks */,
				3AE750E41E779DB300DC6441 /* Resources */,
				3B569A09ADC7EB48BFF3A5F5 /* [CP] Embed Pods Frameworks */,
				DCCEED408B9B533B642E344C /* [CP] Copy Pods Resources */,
			);
			buildRules = (
			);
			dependencies = (
			);
			name = netEasyNews;
			productName = netEasyNews;
			productReference = 3AE750E61E779DB300DC6441 /* netEasyNews.app */;
			productType = "com.apple.product-type.application";
		};
		3AE750FE1E779DB300DC6441 /* netEasyNewsTests */ = {
			isa = PBXNativeTarget;
			buildConfigurationList = 3AE751161E779DB300DC6441 /* Build configuration list for PBXNativeTarget "netEasyNewsTests" */;
			buildPhases = (
				5AC4B6850080D8FAEB887CE9 /* [CP] Check Pods Manifest.lock */,
				3AE750FB1E779DB300DC6441 /* Sources */,
				3AE750FC1E779DB300DC6441 /* Frameworks */,
				3AE750FD1E779DB300DC6441 /* Resources */,
				25D34590993DCAA60515BC90 /* [CP] Embed Pods Frameworks */,
				49B417CDBCF6DCFB315783BE /* [CP] Copy Pods Resources */,
			);
			buildRules = (
			);
			dependencies = (
				3AE751011E779DB300DC6441 /* PBXTargetDependency */,
			);
			name = netEasyNewsTests;
			productName = netEasyNewsTests;
			productReference = 3AE750FF1E779DB300DC6441 /* netEasyNewsTests.xctest */;
			productType = "com.apple.product-type.bundle.unit-test";
		};
		3AE751091E779DB300DC6441 /* netEasyNewsUITests */ = {
			isa = PBXNativeTarget;
			buildConfigurationList = 3AE751191E779DB300DC6441 /* Build configuration list for PBXNativeTarget "netEasyNewsUITests" */;
			buildPhases = (
				FD86556184A33685D811A23E /* [CP] Check Pods Manifest.lock */,
				3AE751061E779DB300DC6441 /* Sources */,
				3AE751071E779DB300DC6441 /* Frameworks */,
				3AE751081E779DB300DC6441 /* Resources */,
				6B2C07ED1DC9652907AD191D /* [CP] Embed Pods Frameworks */,
				9F46554CB6CDAAE4EB48F0AC /* [CP] Copy Pods Resources */,
			);
			buildRules = (
			);
			dependencies = (
				3AE7510C1E779DB300DC6441 /* PBXTargetDependency */,
			);
			name = netEasyNewsUITests;
			productName = netEasyNewsUITests;
			productReference = 3AE7510A1E779DB300DC6441 /* netEasyNewsUITests.xctest */;
			productType = "com.apple.product-type.bundle.ui-testing";
		};
/* End PBXNativeTarget section */

/* Begin PBXProject section */
		3AE750DE1E779DB300DC6441 /* Project object */ = {
			isa = PBXProject;
			attributes = {
				LastUpgradeCheck = 0800;
				ORGANIZATIONNAME = zhongjian;
				TargetAttributes = {
					3AE750E51E779DB300DC6441 = {
						CreatedOnToolsVersion = 8.0;
						DevelopmentTeam = 27XHEY4M33;
						ProvisioningStyle = Automatic;
					};
					3AE750FE1E779DB300DC6441 = {
						CreatedOnToolsVersion = 8.0;
						ProvisioningStyle = Automatic;
						TestTargetID = 3AE750E51E779DB300DC6441;
					};
					3AE751091E779DB300DC6441 = {
						CreatedOnToolsVersion = 8.0;
						ProvisioningStyle = Automatic;
						TestTargetID = 3AE750E51E779DB300DC6441;
					};
				};
			};
			buildConfigurationList = 3AE750E11E779DB300DC6441 /* Build configuration list for PBXProject "netEasyNews" */;
			compatibilityVersion = "Xcode 3.2";
			developmentRegion = English;
			hasScannedForEncodings = 0;
			knownRegions = (
				en,
				Base,
			);
			mainGroup = 3AE750DD1E779DB300DC6441;
			productRefGroup = 3AE750E71E779DB300DC6441 /* Products */;
			projectDirPath = "";
			projectRoot = "";
			targets = (
				3AE750E51E779DB300DC6441 /* netEasyNews */,
				3AE750FE1E779DB300DC6441 /* netEasyNewsTests */,
				3AE751091E779DB300DC6441 /* netEasyNewsUITests */,
			);
		};
/* End PBXProject section */

/* Begin PBXResourcesBuildPhase section */
		3AE750E41E779DB300DC6441 /* Resources */ = {
			isa = PBXResourcesBuildPhase;
			buildActionMask = 2147483647;
			files = (
				3AE750F91E779DB300DC6441 /* LaunchScreen.storyboard in Resources */,
				3AE750F61E779DB300DC6441 /* Assets.xcassets in Resources */,
				3AE750F41E779DB300DC6441 /* Main.storyboard in Resources */,
			);
			runOnlyForDeploymentPostprocessing = 0;
		};
		3AE750FD1E779DB300DC6441 /* Resources */ = {
			isa = PBXResourcesBuildPhase;
			buildActionMask = 2147483647;
			files = (
			);
			runOnlyForDeploymentPostprocessing = 0;
		};
		3AE751081E779DB300DC6441 /* Resources */ = {
			isa = PBXResourcesBuildPhase;
			buildActionMask = 2147483647;
			files = (
			);
			runOnlyForDeploymentPostprocessing = 0;
		};
/* End PBXResourcesBuildPhase section */

/* Begin PBXShellScriptBuildPhase section */
		145CF76FB77DFAFAB2980410 /* [CP] Check Pods Manifest.lock */ = {
			isa = PBXShellScriptBuildPhase;
			buildActionMask = 2147483647;
			files = (
			);
			inputPaths = (
			);
			name = "[CP] Check Pods Manifest.lock";
			outputPaths = (
			);
			runOnlyForDeploymentPostprocessing = 0;
			shellPath = /bin/sh;
			shellScript = "diff \"${PODS_ROOT}/../Podfile.lock\" \"${PODS_ROOT}/Manifest.lock\" > /dev/null\nif [ $? != 0 ] ; then\n    # print error to STDERR\n    echo \"error: The sandbox is not in sync with the Podfile.lock. Run 'pod install' or update your CocoaPods installation.\" >&2\n    exit 1\nfi\n";
			showEnvVarsInLog = 0;
		};
		25D34590993DCAA60515BC90 /* [CP] Embed Pods Frameworks */ = {
			isa = PBXShellScriptBuildPhase;
			buildActionMask = 2147483647;
			files = (
			);
			inputPaths = (
			);
			name = "[CP] Embed Pods Frameworks";
			outputPaths = (
			);
			runOnlyForDeploymentPostprocessing = 0;
			shellPath = /bin/sh;
			shellScript = "\"${SRCROOT}/Pods/Target Support Files/Pods-netEasyNewsTests/Pods-netEasyNewsTests-frameworks.sh\"\n";
			showEnvVarsInLog = 0;
		};
		3B569A09ADC7EB48BFF3A5F5 /* [CP] Embed Pods Frameworks */ = {
			isa = PBXShellScriptBuildPhase;
			buildActionMask = 2147483647;
			files = (
			);
			inputPaths = (
			);
			name = "[CP] Embed Pods Frameworks";
			outputPaths = (
			);
			runOnlyForDeploymentPostprocessing = 0;
			shellPath = /bin/sh;
			shellScript = "\"${SRCROOT}/Pods/Target Support Files/Pods-netEasyNews/Pods-netEasyNews-frameworks.sh\"\n";
			showEnvVarsInLog = 0;
		};
		49B417CDBCF6DCFB315783BE /* [CP] Copy Pods Resources */ = {
			isa = PBXShellScriptBuildPhase;
			buildActionMask = 2147483647;
			files = (
			);
			inputPaths = (
			);
			name = "[CP] Copy Pods Resources";
			outputPaths = (
			);
			runOnlyForDeploymentPostprocessing = 0;
			shellPath = /bin/sh;
			shellScript = "\"${SRCROOT}/Pods/Target Support Files/Pods-netEasyNewsTests/Pods-netEasyNewsTests-resources.sh\"\n";
			showEnvVarsInLog = 0;
		};
		5AC4B6850080D8FAEB887CE9 /* [CP] Check Pods Manifest.lock */ = {
			isa = PBXShellScriptBuildPhase;
			buildActionMask = 2147483647;
			files = (
			);
			inputPaths = (
			);
			name = "[CP] Check Pods Manifest.lock";
			outputPaths = (
			);
			runOnlyForDeploymentPostprocessing = 0;
			shellPath = /bin/sh;
			shellScript = "diff \"${PODS_ROOT}/../Podfile.lock\" \"${PODS_ROOT}/Manifest.lock\" > /dev/null\nif [ $? != 0 ] ; then\n    # print error to STDERR\n    echo \"error: The sandbox is not in sync with the Podfile.lock. Run 'pod install' or update your CocoaPods installation.\" >&2\n    exit 1\nfi\n";
			showEnvVarsInLog = 0;
		};
		6B2C07ED1DC9652907AD191D /* [CP] Embed Pods Frameworks */ = {
			isa = PBXShellScriptBuildPhase;
			buildActionMask = 2147483647;
			files = (
			);
			inputPaths = (
			);
			name = "[CP] Embed Pods Frameworks";
			outputPaths = (
			);
			runOnlyForDeploymentPostprocessing = 0;
			shellPath = /bin/sh;
			shellScript = "\"${SRCROOT}/Pods/Target Support Files/Pods-netEasyNewsUITests/Pods-netEasyNewsUITests-frameworks.sh\"\n";
			showEnvVarsInLog = 0;
		};
		9F46554CB6CDAAE4EB48F0AC /* [CP] Copy Pods Resources */ = {
			isa = PBXShellScriptBuildPhase;
			buildActionMask = 2147483647;
			files = (
			);
			inputPaths = (
			);
			name = "[CP] Copy Pods Resources";
			outputPaths = (
			);
			runOnlyForDeploymentPostprocessing = 0;
			shellPath = /bin/sh;
			shellScript = "\"${SRCROOT}/Pods/Target Support Files/Pods-netEasyNewsUITests/Pods-netEasyNewsUITests-resources.sh\"\n";
			showEnvVarsInLog = 0;
		};
		DCCEED408B9B533B642E344C /* [CP] Copy Pods Resources */ = {
			isa = PBXShellScriptBuildPhase;
			buildActionMask = 2147483647;
			files = (
			);
			inputPaths = (
			);
			name = "[CP] Copy Pods Resources";
			outputPaths = (
			);
			runOnlyForDeploymentPostprocessing = 0;
			shellPath = /bin/sh;
			shellScript = "\"${SRCROOT}/Pods/Target Support Files/Pods-netEasyNews/Pods-netEasyNews-resources.sh\"\n";
			showEnvVarsInLog = 0;
		};
		FD86556184A33685D811A23E /* [CP] Check Pods Manifest.lock */ = {
			isa = PBXShellScriptBuildPhase;
			buildActionMask = 2147483647;
			files = (
			);
			inputPaths = (
			);
			name = "[CP] Check Pods Manifest.lock";
			outputPaths = (
			);
			runOnlyForDeploymentPostprocessing = 0;
			shellPath = /bin/sh;
			shellScript = "diff \"${PODS_ROOT}/../Podfile.lock\" \"${PODS_ROOT}/Manifest.lock\" > /dev/null\nif [ $? != 0 ] ; then\n    # print error to STDERR\n    echo \"error: The sandbox is not in sync with the Podfile.lock. Run 'pod install' or update your CocoaPods installation.\" >&2\n    exit 1\nfi\n";
			showEnvVarsInLog = 0;
		};
/* End PBXShellScriptBuildPhase section */

/* Begin PBXSourcesBuildPhase section */
		3AE750E21E779DB300DC6441 /* Sources */ = {
			isa = PBXSourcesBuildPhase;
			buildActionMask = 2147483647;
			files = (
				3AE750F11E779DB300DC6441 /* ViewController.m in Sources */,
				3AE750EE1E779DB300DC6441 /* AppDelegate.m in Sources */,
				3AE0274F1E78388700EAB8A4 /* NSObject+Log.m in Sources */,
				3AE750EB1E779DB300DC6441 /* main.m in Sources */,
				3AE7511F1E77DC9C00DC6441 /* HeadLines.m in Sources */,
				3AE751261E77DDB300DC6441 /* ZJNetworkTool.m in Sources */,
			);
			runOnlyForDeploymentPostprocessing = 0;
		};
		3AE750FB1E779DB300DC6441 /* Sources */ = {
			isa = PBXSourcesBuildPhase;
			buildActionMask = 2147483647;
			files = (
				3AE751041E779DB300DC6441 /* netEasyNewsTests.m in Sources */,
			);
			runOnlyForDeploymentPostprocessing = 0;
		};
		3AE751061E779DB300DC6441 /* Sources */ = {
			isa = PBXSourcesBuildPhase;
			buildActionMask = 2147483647;
			files = (
				3AE7510F1E779DB300DC6441 /* netEasyNewsUITests.m in Sources */,
			);
			runOnlyForDeploymentPostprocessing = 0;
		};
/* End PBXSourcesBuildPhase section */

/* Begin PBXTargetDependency section */
		3AE751011E779DB300DC6441 /* PBXTargetDependency */ = {
			isa = PBXTargetDependency;
			target = 3AE750E51E779DB300DC6441 /* netEasyNews */;
			targetProxy = 3AE751001E779DB300DC6441 /* PBXContainerItemProxy */;
		};
		3AE7510C1E779DB300DC6441 /* PBXTargetDependency */ = {
			isa = PBXTargetDependency;
			target = 3AE750E51E779DB300DC6441 /* netEasyNews */;
			targetProxy = 3AE7510B1E779DB300DC6441 /* PBXContainerItemProxy */;
		};
/* End PBXTargetDependency section */

/* Begin PBXVariantGroup section */
		3AE750F21E779DB300DC6441 /* Main.storyboard */ = {
			isa = PBXVariantGroup;
			children = (
				3AE750F31E779DB300DC6441 /* Base */,
			);
			name = Main.storyboard;
			sourceTree = "<group>";
		};
		3AE750F71E779DB300DC6441 /* LaunchScreen.storyboard */ = {
			isa = PBXVariantGroup;
			children = (
				3AE750F81E779DB300DC6441 /* Base */,
			);
			name = LaunchScreen.storyboard;
			sourceTree = "<group>";
		};
/* End PBXVariantGroup section */

/* Begin XCBuildConfiguration section */
		3AE751111E779DB300DC6441 /* Debug */ = {
			isa = XCBuildConfiguration;
			buildSettings = {
				ALWAYS_SEARCH_USER_PATHS = NO;
				CLANG_ANALYZER_NONNULL = YES;
				CLANG_CXX_LANGUAGE_STANDARD = "gnu++0x";
				CLANG_CXX_LIBRARY = "libc++";
				CLANG_ENABLE_MODULES = YES;
				CLANG_ENABLE_OBJC_ARC = YES;
				CLANG_WARN_BOOL_CONVERSION = YES;
				CLANG_WARN_CONSTANT_CONVERSION = YES;
				CLANG_WARN_DIRECT_OBJC_ISA_USAGE = YES_ERROR;
				CLANG_WARN_DOCUMENTATION_COMMENTS = YES;
				CLANG_WARN_EMPTY_BODY = YES;
				CLANG_WARN_ENUM_CONVERSION = YES;
				CLANG_WARN_INFINITE_RECURSION = YES;
				CLANG_WARN_INT_CONVERSION = YES;
				CLANG_WARN_OBJC_ROOT_CLASS = YES_ERROR;
				CLANG_WARN_SUSPICIOUS_MOVES = YES;
				CLANG_WARN_UNREACHABLE_CODE = YES;
				CLANG_WARN__DUPLICATE_METHOD_MATCH = YES;
				"CODE_SIGN_IDENTITY[sdk=iphoneos*]" = "iPhone Developer";
				COPY_PHASE_STRIP = NO;
				DEBUG_INFORMATION_FORMAT = dwarf;
				ENABLE_STRICT_OBJC_MSGSEND = YES;
				ENABLE_TESTABILITY = YES;
				GCC_C_LANGUAGE_STANDARD = gnu99;
				GCC_DYNAMIC_NO_PIC = NO;
				GCC_NO_COMMON_BLOCKS = YES;
				GCC_OPTIMIZATION_LEVEL = 0;
				GCC_PREPROCESSOR_DEFINITIONS = (
					"DEBUG=1",
					"$(inherited)",
				);
				GCC_WARN_64_TO_32_BIT_CONVERSION = YES;
				GCC_WARN_ABOUT_RETURN_TYPE = YES_ERROR;
				GCC_WARN_UNDECLARED_SELECTOR = YES;
				GCC_WARN_UNINITIALIZED_AUTOS = YES_AGGRESSIVE;
				GCC_WARN_UNUSED_FUNCTION = YES;
				GCC_WARN_UNUSED_VARIABLE = YES;
				IPHONEOS_DEPLOYMENT_TARGET = 10.0;
				MTL_ENABLE_DEBUG_INFO = YES;
				ONLY_ACTIVE_ARCH = YES;
				SDKROOT = iphoneos;
			};
			name = Debug;
		};
		3AE751121E779DB300DC6441 /* Release */ = {
			isa = XCBuildConfiguration;
			buildSettings = {
				ALWAYS_SEARCH_USER_PATHS = "$(PODS_ROOT)";
				CLANG_ANALYZER_NONNULL = YES;
				CLANG_CXX_LANGUAGE_STANDARD = "gnu++0x";
				CLANG_CXX_LIBRARY = "libc++";
				CLANG_ENABLE_MODULES = YES;
				CLANG_ENABLE_OBJC_ARC = YES;
				CLANG_WARN_BOOL_CONVERSION = YES;
				CLANG_WARN_CONSTANT_CONVERSION = YES;
				CLANG_WARN_DIRECT_OBJC_ISA_USAGE = YES_ERROR;
				CLANG_WARN_DOCUMENTATION_COMMENTS = YES;
				CLANG_WARN_EMPTY_BODY = YES;
				CLANG_WARN_ENUM_CONVERSION = YES;
				CLANG_WARN_INFINITE_RECURSION = YES;
				CLANG_WARN_INT_CONVERSION = YES;
				CLANG_WARN_OBJC_ROOT_CLASS = YES_ERROR;
				CLANG_WARN_SUSPICIOUS_MOVES = YES;
				CLANG_WARN_UNREACHABLE_CODE = YES;
				CLANG_WARN__DUPLICATE_METHOD_MATCH = YES;
				"CODE_SIGN_IDENTITY[sdk=iphoneos*]" = "iPhone Developer";
				COPY_PHASE_STRIP = NO;
				DEBUG_INFORMATION_FORMAT = "dwarf-with-dsym";
				ENABLE_NS_ASSERTIONS = NO;
				ENABLE_STRICT_OBJC_MSGSEND = YES;
				GCC_C_LANGUAGE_STANDARD = gnu99;
				GCC_NO_COMMON_BLOCKS = YES;
				GCC_WARN_64_TO_32_BIT_CONVERSION = YES;
				GCC_WARN_ABOUT_RETURN_TYPE = YES_ERROR;
				GCC_WARN_UNDECLARED_SELECTOR = YES;
				GCC_WARN_UNINITIALIZED_AUTOS = YES_AGGRESSIVE;
				GCC_WARN_UNUSED_FUNCTION = YES;
				GCC_WARN_UNUSED_VARIABLE = YES;
				IPHONEOS_DEPLOYMENT_TARGET = 10.0;
				MTL_ENABLE_DEBUG_INFO = NO;
				SDKROOT = iphoneos;
				VALIDATE_PRODUCT = YES;
			};
			name = Release;
		};
		3AE751141E779DB300DC6441 /* Debug */ = {
			isa = XCBuildConfiguration;
			baseConfigurationReference = FCA31A95513C1C9CDB5AD9B6 /* Pods-netEasyNews.debug.xcconfig */;
			buildSettings = {
				ASSETCATALOG_COMPILER_APPICON_NAME = AppIcon;
				DEVELOPMENT_TEAM = 27XHEY4M33;
				INFOPLIST_FILE = netEasyNews/Info.plist;
				LD_RUNPATH_SEARCH_PATHS = "$(inherited) @executable_path/Frameworks";
				PRODUCT_BUNDLE_IDENTIFIER = com.zhongjian.netEasyNews;
				PRODUCT_NAME = "$(TARGET_NAME)";
			};
			name = Debug;
		};
		3AE751151E779DB300DC6441 /* Release */ = {
			isa = XCBuildConfiguration;
			baseConfigurationReference = 5A26F8560176B235E9AFAFBE /* Pods-netEasyNews.release.xcconfig */;
			buildSettings = {
				ASSETCATALOG_COMPILER_APPICON_NAME = AppIcon;
				DEVELOPMENT_TEAM = 27XHEY4M33;
				INFOPLIST_FILE = netEasyNews/Info.plist;
				LD_RUNPATH_SEARCH_PATHS = "$(inherited) @executable_path/Frameworks";
				PRODUCT_BUNDLE_IDENTIFIER = com.zhongjian.netEasyNews;
				PRODUCT_NAME = "$(TARGET_NAME)";
			};
			name = Release;
		};
		3AE751171E779DB300DC6441 /* Debug */ = {
			isa = XCBuildConfiguration;
			baseConfigurationReference = B32F1A339B6C48EAC9339AD3 /* Pods-netEasyNewsTests.debug.xcconfig */;
			buildSettings = {
				BUNDLE_LOADER = "$(TEST_HOST)";
				INFOPLIST_FILE = netEasyNewsTests/Info.plist;
				LD_RUNPATH_SEARCH_PATHS = "$(inherited) @executable_path/Frameworks @loader_path/Frameworks";
				PRODUCT_BUNDLE_IDENTIFIER = com.zhongjian.netEasyNewsTests;
				PRODUCT_NAME = "$(TARGET_NAME)";
				TEST_HOST = "$(BUILT_PRODUCTS_DIR)/netEasyNews.app/netEasyNews";
			};
			name = Debug;
		};
		3AE751181E779DB300DC6441 /* Release */ = {
			isa = XCBuildConfiguration;
			baseConfigurationReference = 23AAE8043AA859D8482FF012 /* Pods-netEasyNewsTests.release.xcconfig */;
			buildSettings = {
				BUNDLE_LOADER = "$(TEST_HOST)";
				INFOPLIST_FILE = netEasyNewsTests/Info.plist;
				LD_RUNPATH_SEARCH_PATHS = "$(inherited) @executable_path/Frameworks @loader_path/Frameworks";
				PRODUCT_BUNDLE_IDENTIFIER = com.zhongjian.netEasyNewsTests;
				PRODUCT_NAME = "$(TARGET_NAME)";
				TEST_HOST = "$(BUILT_PRODUCTS_DIR)/netEasyNews.app/netEasyNews";
			};
			name = Release;
		};
		3AE7511A1E779DB300DC6441 /* Debug */ = {
			isa = XCBuildConfiguration;
			baseConfigurationReference = CFE14B432EBDEE8E68E75C70 /* Pods-netEasyNewsUITests.debug.xcconfig */;
			buildSettings = {
				INFOPLIST_FILE = netEasyNewsUITests/Info.plist;
				LD_RUNPATH_SEARCH_PATHS = "$(inherited) @executable_path/Frameworks @loader_path/Frameworks";
				PRODUCT_BUNDLE_IDENTIFIER = com.zhongjian.netEasyNewsUITests;
				PRODUCT_NAME = "$(TARGET_NAME)";
				TEST_TARGET_NAME = netEasyNews;
			};
			name = Debug;
		};
		3AE7511B1E779DB300DC6441 /* Release */ = {
			isa = XCBuildConfiguration;
			baseConfigurationReference = A0693F2E9E9D553C320B276F /* Pods-netEasyNewsUITests.release.xcconfig */;
			buildSettings = {
				INFOPLIST_FILE = netEasyNewsUITests/Info.plist;
				LD_RUNPATH_SEARCH_PATHS = "$(inherited) @executable_path/Frameworks @loader_path/Frameworks";
				PRODUCT_BUNDLE_IDENTIFIER = com.zhongjian.netEasyNewsUITests;
				PRODUCT_NAME = "$(TARGET_NAME)";
				TEST_TARGET_NAME = netEasyNews;
			};
			name = Release;
		};
/* End XCBuildConfiguration section */

/* Begin XCConfigurationList section */
		3AE750E11E779DB300DC6441 /* Build configuration list for PBXProject "netEasyNews" */ = {
			isa = XCConfigurationList;
			buildConfigurations = (
				3AE751111E779DB300DC6441 /* Debug */,
				3AE751121E779DB300DC6441 /* Release */,
			);
			defaultConfigurationIsVisible = 0;
			defaultConfigurationName = Release;
		};
		3AE751131E779DB300DC6441 /* Build configuration list for PBXNativeTarget "netEasyNews" */ = {
			isa = XCConfigurationList;
			buildConfigurations = (
				3AE751141E779DB300DC6441 /* Debug */,
				3AE751151E779DB300DC6441 /* Release */,
			);
			defaultConfigurationIsVisible = 0;
			defaultConfigurationName = Release;
		};
		3AE751161E779DB300DC6441 /* Build configuration list for PBXNativeTarget "netEasyNewsTests" */ = {
			isa = XCConfigurationList;
			buildConfigurations = (
				3AE751171E779DB300DC6441 /* Debug */,
				3AE751181E779DB300DC6441 /* Release */,
			);
			defaultConfigurationIsVisible = 0;
			defaultConfigurationName = Release;
		};
		3AE751191E779DB300DC6441 /* Build configuration list for PBXNativeTarget "netEasyNewsUITests" */ = {
			isa = XCConfigurationList;
			buildConfigurations = (
				3AE7511A1E779DB300DC6441 /* Debug */,
				3AE7511B1E779DB300DC6441 /* Release */,
			);
			defaultConfigurationIsVisible = 0;
			defaultConfigurationName = Release;
		};
/* End XCConfigurationList section */
	};
	rootObject = 3AE750DE1E779DB300DC6441 /* Project object */;
}
